PODS:
  - AWSAuthCore (2.24.5):
    - AWSCore (= 2.24.5)
  - AWSAuthUI (2.24.5):
    - AWSAuthCore (= 2.24.5)
    - AWSCore (= 2.24.5)
  - AWSCognitoIdentityProvider (2.24.5):
    - AWSCognitoIdentityProviderASF (= 2.24.5)
    - AWSCore (= 2.24.5)
  - AWSCognitoIdentityProviderASF (2.24.5)
  - AWSCore (2.24.5)
  - AWSMobileClient (2.24.5):
    - AWSAuthCore (= 2.24.5)
    - AWSCognitoIdentityProvider (= 2.24.5)
    - AWSCognitoIdentityProviderASF (= 2.24.5)
    - AWSCore (= 2.24.5)
  - AWSUserPoolsSignIn (2.24.5):
    - AWSAuthCore (= 2.24.5)
    - AWSCognitoIdentityProvider (= 2.24.5)
    - AWSCore (= 2.24.5)

DEPENDENCIES:
  - AWSAuthUI
  - AWSMobileClient
  - AWSUserPoolsSignIn

SPEC REPOS:
  trunk:
    - AWSAuthCore
    - AWSAuthUI
    - AWSCognitoIdentityProvider
    - AWSCognitoIdentityProviderASF
    - AWSCore
    - AWSMobileClient
    - AWSUserPoolsSignIn

SPEC CHECKSUMS:
  AWSAuthCore: 73f2e518d32f094b656fea905651bc3288ef05c0
  AWSAuthUI: 92e390497b139b5d5bea5e34623259e915fcc0c8
  AWSCognitoIdentityProvider: d32ff306a4d3aafcdc42ce40bd36e44d3f274201
  AWSCognitoIdentityProviderASF: 1ccfe4092b617de54f203c1b728e7be6f49716c1
  AWSCore: 2d4b06b24e2f882deec23567438195818b16a3f2
  AWSMobileClient: 72e55c9c7162516feab354aa67f4d38dcecdcfc7
  AWSUserPoolsSignIn: 47b8fb8ee404755433f9db5f0e5017dc1687b5e6

PODFILE CHECKSUM: b5b6807f85fa960c07635c252f3ab6f171e07ab4

COCOAPODS: 1.10.1
